// !$*UTF8*$!
{
	archiveVersion = 1;
	classes = {
	};
	objectVersion = 56;
	objects = {

/* Begin PBXBuildFile section */
		8B51B7E12A70830100B3B8F8 /* RickAndMortyApp.swift in Sources */ = {isa = PBXBuildFile; fileRef = 8B51B7E02A70830100B3B8F8 /* RickAndMortyApp.swift */; };
		8B51B7E32A70830100B3B8F8 /* MainView.swift in Sources */ = {isa = PBXBuildFile; fileRef = 8B51B7E22A70830100B3B8F8 /* MainView.swift */; };
		8B51B7E52A70830300B3B8F8 /* Assets.xcassets in Resources */ = {isa = PBXBuildFile; fileRef = 8B51B7E42A70830300B3B8F8 /* Assets.xcassets */; };
		8B51B7E82A70830300B3B8F8 /* Preview Assets.xcassets in Resources */ = {isa = PBXBuildFile; fileRef = 8B51B7E72A70830300B3B8F8 /* Preview Assets.xcassets */; };
		8B51B7F22A70830300B3B8F8 /* RickAndMortyTests.swift in Sources */ = {isa = PBXBuildFile; fileRef = 8B51B7F12A70830300B3B8F8 /* RickAndMortyTests.swift */; };
		8B51B7FC2A70830300B3B8F8 /* RickAndMortyUITests.swift in Sources */ = {isa = PBXBuildFile; fileRef = 8B51B7FB2A70830300B3B8F8 /* RickAndMortyUITests.swift */; };
		8B51B7FE2A70830300B3B8F8 /* RickAndMortyUITestsLaunchTests.swift in Sources */ = {isa = PBXBuildFile; fileRef = 8B51B7FD2A70830300B3B8F8 /* RickAndMortyUITestsLaunchTests.swift */; };
		8B51B8122A70969900B3B8F8 /* Localizable.strings in Resources */ = {isa = PBXBuildFile; fileRef = 8B51B8142A70969900B3B8F8 /* Localizable.strings */; };
		8B84499C2AF1544100E5BF2D /* TabBarView.swift in Sources */ = {isa = PBXBuildFile; fileRef = 8B84499B2AF1544100E5BF2D /* TabBarView.swift */; };
		8B84499F2AF1568500E5BF2D /* HomeView.swift in Sources */ = {isa = PBXBuildFile; fileRef = 8B84499E2AF1568500E5BF2D /* HomeView.swift */; };
		8BA8264F2AEF52360010989B /* NetworkService.swift in Sources */ = {isa = PBXBuildFile; fileRef = 8BA8264E2AEF52360010989B /* NetworkService.swift */; };
		8BA826512AEF52580010989B /* NetworkServiceImpl.swift in Sources */ = {isa = PBXBuildFile; fileRef = 8BA826502AEF52580010989B /* NetworkServiceImpl.swift */; };
		8BA826552AEF5F030010989B /* NetworkError.swift in Sources */ = {isa = PBXBuildFile; fileRef = 8BA826542AEF5F030010989B /* NetworkError.swift */; };
		8BA826592AEF6A2E0010989B /* CharacterResponse.swift in Sources */ = {isa = PBXBuildFile; fileRef = 8BA826582AEF6A2E0010989B /* CharacterResponse.swift */; };
		8BE5B12F2AEF117E009B74BF /* APIRequest.swift in Sources */ = {isa = PBXBuildFile; fileRef = 8BE5B12E2AEF117E009B74BF /* APIRequest.swift */; };
		8BE5B1352AEF4145009B74BF /* CharacterRepository.swift in Sources */ = {isa = PBXBuildFile; fileRef = 8BE5B1342AEF4145009B74BF /* CharacterRepository.swift */; };
		8BE5B1372AEF415E009B74BF /* CharacterRepositoryImpl.swift in Sources */ = {isa = PBXBuildFile; fileRef = 8BE5B1362AEF415E009B74BF /* CharacterRepositoryImpl.swift */; };
		8BE5B13B2AEF434C009B74BF /* CharacterRequestModel.swift in Sources */ = {isa = PBXBuildFile; fileRef = 8BE5B13A2AEF434C009B74BF /* CharacterRequestModel.swift */; };
		8BF629F62AF0ED060076DDC5 /* Character.swift in Sources */ = {isa = PBXBuildFile; fileRef = 8BF629F52AF0ED060076DDC5 /* Character.swift */; };
		8BF629F82AF0F1C30076DDC5 /* CharacterViewModel.swift in Sources */ = {isa = PBXBuildFile; fileRef = 8BF629F72AF0F1C30076DDC5 /* CharacterViewModel.swift */; };
		8BF629FB2AF0F5970076DDC5 /* MockCharacterRepository.swift in Sources */ = {isa = PBXBuildFile; fileRef = 8BF629FA2AF0F5970076DDC5 /* MockCharacterRepository.swift */; };
		8BF62A002AF103E00076DDC5 /* CharacterView.swift in Sources */ = {isa = PBXBuildFile; fileRef = 8BF629FF2AF103E00076DDC5 /* CharacterView.swift */; };
		8BF62A032AF10BB20076DDC5 /* CharacterCardView.swift in Sources */ = {isa = PBXBuildFile; fileRef = 8BF62A022AF10BB20076DDC5 /* CharacterCardView.swift */; };
		8BF62A052AF10C280076DDC5 /* CharacterCardViewModel.swift in Sources */ = {isa = PBXBuildFile; fileRef = 8BF62A042AF10C280076DDC5 /* CharacterCardViewModel.swift */; };
/* End PBXBuildFile section */

/* Begin PBXContainerItemProxy section */
		8B51B7EE2A70830300B3B8F8 /* PBXContainerItemProxy */ = {
			isa = PBXContainerItemProxy;
			containerPortal = 8B51B7D52A70830100B3B8F8 /* Project object */;
			proxyType = 1;
			remoteGlobalIDString = 8B51B7DC2A70830100B3B8F8;
			remoteInfo = RickAndMorty;
		};
		8B51B7F82A70830300B3B8F8 /* PBXContainerItemProxy */ = {
			isa = PBXContainerItemProxy;
			containerPortal = 8B51B7D52A70830100B3B8F8 /* Project object */;
			proxyType = 1;
			remoteGlobalIDString = 8B51B7DC2A70830100B3B8F8;
			remoteInfo = RickAndMorty;
		};
/* End PBXContainerItemProxy section */

/* Begin PBXFileReference section */
		8B51B7DD2A70830100B3B8F8 /* RickAndMorty.app */ = {isa = PBXFileReference; explicitFileType = wrapper.application; includeInIndex = 0; path = RickAndMorty.app; sourceTree = BUILT_PRODUCTS_DIR; };
		8B51B7E02A70830100B3B8F8 /* RickAndMortyApp.swift */ = {isa = PBXFileReference; lastKnownFileType = sourcecode.swift; path = RickAndMortyApp.swift; sourceTree = "<group>"; };
		8B51B7E22A70830100B3B8F8 /* MainView.swift */ = {isa = PBXFileReference; lastKnownFileType = sourcecode.swift; path = MainView.swift; sourceTree = "<group>"; };
		8B51B7E42A70830300B3B8F8 /* Assets.xcassets */ = {isa = PBXFileReference; lastKnownFileType = folder.assetcatalog; path = Assets.xcassets; sourceTree = "<group>"; };
		8B51B7E72A70830300B3B8F8 /* Preview Assets.xcassets */ = {isa = PBXFileReference; lastKnownFileType = folder.assetcatalog; path = "Preview Assets.xcassets"; sourceTree = "<group>"; };
		8B51B7ED2A70830300B3B8F8 /* RickAndMortyTests.xctest */ = {isa = PBXFileReference; explicitFileType = wrapper.cfbundle; includeInIndex = 0; path = RickAndMortyTests.xctest; sourceTree = BUILT_PRODUCTS_DIR; };
		8B51B7F12A70830300B3B8F8 /* RickAndMortyTests.swift */ = {isa = PBXFileReference; lastKnownFileType = sourcecode.swift; path = RickAndMortyTests.swift; sourceTree = "<group>"; };
		8B51B7F72A70830300B3B8F8 /* RickAndMortyUITests.xctest */ = {isa = PBXFileReference; explicitFileType = wrapper.cfbundle; includeInIndex = 0; path = RickAndMortyUITests.xctest; sourceTree = BUILT_PRODUCTS_DIR; };
		8B51B7FB2A70830300B3B8F8 /* RickAndMortyUITests.swift */ = {isa = PBXFileReference; lastKnownFileType = sourcecode.swift; path = RickAndMortyUITests.swift; sourceTree = "<group>"; };
		8B51B7FD2A70830300B3B8F8 /* RickAndMortyUITestsLaunchTests.swift */ = {isa = PBXFileReference; lastKnownFileType = sourcecode.swift; path = RickAndMortyUITestsLaunchTests.swift; sourceTree = "<group>"; };
		8B51B8132A70969900B3B8F8 /* en */ = {isa = PBXFileReference; lastKnownFileType = text.plist.strings; name = en; path = en.lproj/Localizable.strings; sourceTree = "<group>"; };
		8B51B8152A7096B300B3B8F8 /* es */ = {isa = PBXFileReference; lastKnownFileType = text.plist.strings; name = es; path = es.lproj/Localizable.strings; sourceTree = "<group>"; };
		8B84499B2AF1544100E5BF2D /* TabBarView.swift */ = {isa = PBXFileReference; lastKnownFileType = sourcecode.swift; path = TabBarView.swift; sourceTree = "<group>"; };
		8B84499E2AF1568500E5BF2D /* HomeView.swift */ = {isa = PBXFileReference; lastKnownFileType = sourcecode.swift; path = HomeView.swift; sourceTree = "<group>"; };
		8BA8264E2AEF52360010989B /* NetworkService.swift */ = {isa = PBXFileReference; lastKnownFileType = sourcecode.swift; name = NetworkService.swift; path = ../NetworkService.swift; sourceTree = "<group>"; };
		8BA826502AEF52580010989B /* NetworkServiceImpl.swift */ = {isa = PBXFileReference; lastKnownFileType = sourcecode.swift; path = NetworkServiceImpl.swift; sourceTree = "<group>"; };
		8BA826542AEF5F030010989B /* NetworkError.swift */ = {isa = PBXFileReference; lastKnownFileType = sourcecode.swift; path = NetworkError.swift; sourceTree = "<group>"; };
		8BA826582AEF6A2E0010989B /* CharacterResponse.swift */ = {isa = PBXFileReference; lastKnownFileType = sourcecode.swift; path = CharacterResponse.swift; sourceTree = "<group>"; };
		8BE5B12E2AEF117E009B74BF /* APIRequest.swift */ = {isa = PBXFileReference; lastKnownFileType = sourcecode.swift; path = APIRequest.swift; sourceTree = "<group>"; };
		8BE5B1342AEF4145009B74BF /* CharacterRepository.swift */ = {isa = PBXFileReference; lastKnownFileType = sourcecode.swift; path = CharacterRepository.swift; sourceTree = "<group>"; };
		8BE5B1362AEF415E009B74BF /* CharacterRepositoryImpl.swift */ = {isa = PBXFileReference; lastKnownFileType = sourcecode.swift; path = CharacterRepositoryImpl.swift; sourceTree = "<group>"; };
		8BE5B13A2AEF434C009B74BF /* CharacterRequestModel.swift */ = {isa = PBXFileReference; lastKnownFileType = sourcecode.swift; path = CharacterRequestModel.swift; sourceTree = "<group>"; };
		8BF629F52AF0ED060076DDC5 /* Character.swift */ = {isa = PBXFileReference; lastKnownFileType = sourcecode.swift; path = Character.swift; sourceTree = "<group>"; };
		8BF629F72AF0F1C30076DDC5 /* CharacterViewModel.swift */ = {isa = PBXFileReference; lastKnownFileType = sourcecode.swift; path = CharacterViewModel.swift; sourceTree = "<group>"; };
		8BF629FA2AF0F5970076DDC5 /* MockCharacterRepository.swift */ = {isa = PBXFileReference; lastKnownFileType = sourcecode.swift; path = MockCharacterRepository.swift; sourceTree = "<group>"; };
		8BF629FF2AF103E00076DDC5 /* CharacterView.swift */ = {isa = PBXFileReference; lastKnownFileType = sourcecode.swift; path = CharacterView.swift; sourceTree = "<group>"; };
		8BF62A022AF10BB20076DDC5 /* CharacterCardView.swift */ = {isa = PBXFileReference; lastKnownFileType = sourcecode.swift; path = CharacterCardView.swift; sourceTree = "<group>"; };
		8BF62A042AF10C280076DDC5 /* CharacterCardViewModel.swift */ = {isa = PBXFileReference; lastKnownFileType = sourcecode.swift; path = CharacterCardViewModel.swift; sourceTree = "<group>"; };
/* End PBXFileReference section */

/* Begin PBXFrameworksBuildPhase section */
		8B51B7DA2A70830100B3B8F8 /* Frameworks */ = {
			isa = PBXFrameworksBuildPhase;
			buildActionMask = 2147483647;
			files = (
			);
			runOnlyForDeploymentPostprocessing = 0;
		};
		8B51B7EA2A70830300B3B8F8 /* Frameworks */ = {
			isa = PBXFrameworksBuildPhase;
			buildActionMask = 2147483647;
			files = (
			);
			runOnlyForDeploymentPostprocessing = 0;
		};
		8B51B7F42A70830300B3B8F8 /* Frameworks */ = {
			isa = PBXFrameworksBuildPhase;
			buildActionMask = 2147483647;
			files = (
			);
			runOnlyForDeploymentPostprocessing = 0;
		};
/* End PBXFrameworksBuildPhase section */

/* Begin PBXGroup section */
		8B51B7D42A70830100B3B8F8 = {
			isa = PBXGroup;
			children = (
				8B51B7DF2A70830100B3B8F8 /* RickAndMorty */,
				8B51B7F02A70830300B3B8F8 /* RickAndMortyTests */,
				8B51B7FA2A70830300B3B8F8 /* RickAndMortyUITests */,
				8B51B7DE2A70830100B3B8F8 /* Products */,
			);
			sourceTree = "<group>";
		};
		8B51B7DE2A70830100B3B8F8 /* Products */ = {
			isa = PBXGroup;
			children = (
				8B51B7DD2A70830100B3B8F8 /* RickAndMorty.app */,
				8B51B7ED2A70830300B3B8F8 /* RickAndMortyTests.xctest */,
				8B51B7F72A70830300B3B8F8 /* RickAndMortyUITests.xctest */,
			);
			name = Products;
			sourceTree = "<group>";
		};
		8B51B7DF2A70830100B3B8F8 /* RickAndMorty */ = {
			isa = PBXGroup;
			children = (
				8B51B7E02A70830100B3B8F8 /* RickAndMortyApp.swift */,
				8B51B8162A7099A200B3B8F8 /* App */,
				8B51B7E62A70830300B3B8F8 /* Preview Content */,
			);
			path = RickAndMorty;
			sourceTree = "<group>";
		};
		8B51B7E62A70830300B3B8F8 /* Preview Content */ = {
			isa = PBXGroup;
			children = (
				8B51B7E72A70830300B3B8F8 /* Preview Assets.xcassets */,
			);
			path = "Preview Content";
			sourceTree = "<group>";
		};
		8B51B7F02A70830300B3B8F8 /* RickAndMortyTests */ = {
			isa = PBXGroup;
			children = (
				8B51B7F12A70830300B3B8F8 /* RickAndMortyTests.swift */,
			);
			path = RickAndMortyTests;
			sourceTree = "<group>";
		};
		8B51B7FA2A70830300B3B8F8 /* RickAndMortyUITests */ = {
			isa = PBXGroup;
			children = (
				8B51B7FB2A70830300B3B8F8 /* RickAndMortyUITests.swift */,
				8B51B7FD2A70830300B3B8F8 /* RickAndMortyUITestsLaunchTests.swift */,
			);
			path = RickAndMortyUITests;
			sourceTree = "<group>";
		};
		8B51B80D2A70901A00B3B8F8 /* Resources */ = {
			isa = PBXGroup;
			children = (
				8B51B7E42A70830300B3B8F8 /* Assets.xcassets */,
				8B51B8142A70969900B3B8F8 /* Localizable.strings */,
			);
			path = Resources;
			sourceTree = "<group>";
		};
		8B51B8162A7099A200B3B8F8 /* App */ = {
			isa = PBXGroup;
			children = (
				8BF629F92AF0F57B0076DDC5 /* MockData */,
				8B51B8172A7099B500B3B8F8 /* Models */,
				8B51B81A2A709A4200B3B8F8 /* Networking */,
				8B51B80D2A70901A00B3B8F8 /* Resources */,
				8B51B8192A7099D100B3B8F8 /* ViewModels */,
				8B51B8182A7099C000B3B8F8 /* Views */,
			);
			path = App;
			sourceTree = "<group>";
		};
		8B51B8172A7099B500B3B8F8 /* Models */ = {
			isa = PBXGroup;
			children = (
				8BF629F42AF0ECF70076DDC5 /* Character */,
			);
			path = Models;
			sourceTree = "<group>";
		};
		8B51B8182A7099C000B3B8F8 /* Views */ = {
			isa = PBXGroup;
			children = (
				8B84499D2AF1567800E5BF2D /* Home */,
				8BF629FE2AF103C90076DDC5 /* Character */,
				8BF62A012AF10B9B0076DDC5 /* Common */,
				8B51B7E22A70830100B3B8F8 /* MainView.swift */,
				8B84499B2AF1544100E5BF2D /* TabBarView.swift */,
			);
			path = Views;
			sourceTree = "<group>";
		};
		8B51B8192A7099D100B3B8F8 /* ViewModels */ = {
			isa = PBXGroup;
			children = (
			);
			path = ViewModels;
			sourceTree = "<group>";
		};
		8B51B81A2A709A4200B3B8F8 /* Networking */ = {
			isa = PBXGroup;
			children = (
				8BE5B1302AEF40B2009B74BF /* Endpoints */,
				8BE5B1492AEF4A98009B74BF /* Service */,
			);
			path = Networking;
			sourceTree = "<group>";
		};
		8B84499D2AF1567800E5BF2D /* Home */ = {
			isa = PBXGroup;
			children = (
				8B84499E2AF1568500E5BF2D /* HomeView.swift */,
			);
			path = Home;
			sourceTree = "<group>";
		};
		8BA826562AEF6A1F0010989B /* ResponseModel */ = {
			isa = PBXGroup;
			children = (
				8BA826582AEF6A2E0010989B /* CharacterResponse.swift */,
			);
			path = ResponseModel;
			sourceTree = "<group>";
		};
		8BE5B1302AEF40B2009B74BF /* Endpoints */ = {
			isa = PBXGroup;
			children = (
				8BE5B1312AEF40BB009B74BF /* Character */,
			);
			path = Endpoints;
			sourceTree = "<group>";
		};
		8BE5B1312AEF40BB009B74BF /* Character */ = {
			isa = PBXGroup;
			children = (
				8BE5B1382AEF4311009B74BF /* Repository */,
				8BE5B1392AEF4323009B74BF /* RequestModel */,
				8BA826562AEF6A1F0010989B /* ResponseModel */,
			);
			path = Character;
			sourceTree = "<group>";
		};
		8BE5B1382AEF4311009B74BF /* Repository */ = {
			isa = PBXGroup;
			children = (
				8BE5B1342AEF4145009B74BF /* CharacterRepository.swift */,
				8BE5B1362AEF415E009B74BF /* CharacterRepositoryImpl.swift */,
			);
			path = Repository;
			sourceTree = "<group>";
		};
		8BE5B1392AEF4323009B74BF /* RequestModel */ = {
			isa = PBXGroup;
			children = (
				8BE5B13A2AEF434C009B74BF /* CharacterRequestModel.swift */,
			);
			path = RequestModel;
			sourceTree = "<group>";
		};
		8BE5B1492AEF4A98009B74BF /* Service */ = {
			isa = PBXGroup;
			children = (
				8BE5B12E2AEF117E009B74BF /* APIRequest.swift */,
				8BA826542AEF5F030010989B /* NetworkError.swift */,
				8BA8264E2AEF52360010989B /* NetworkService.swift */,
				8BA826502AEF52580010989B /* NetworkServiceImpl.swift */,
			);
			path = Service;
			sourceTree = "<group>";
		};
		8BF629F42AF0ECF70076DDC5 /* Character */ = {
			isa = PBXGroup;
			children = (
				8BF629F52AF0ED060076DDC5 /* Character.swift */,
			);
			path = Character;
			sourceTree = "<group>";
		};
		8BF629F92AF0F57B0076DDC5 /* MockData */ = {
			isa = PBXGroup;
			children = (
				8BF629FA2AF0F5970076DDC5 /* MockCharacterRepository.swift */,
			);
			path = MockData;
			sourceTree = "<group>";
		};
		8BF629FE2AF103C90076DDC5 /* Character */ = {
			isa = PBXGroup;
			children = (
				8BF629F72AF0F1C30076DDC5 /* CharacterViewModel.swift */,
				8BF629FF2AF103E00076DDC5 /* CharacterView.swift */,
			);
			path = Character;
			sourceTree = "<group>";
		};
		8BF62A012AF10B9B0076DDC5 /* Common */ = {
			isa = PBXGroup;
			children = (
				8BF62A022AF10BB20076DDC5 /* CharacterCardView.swift */,
				8BF62A042AF10C280076DDC5 /* CharacterCardViewModel.swift */,
			);
			path = Common;
			sourceTree = "<group>";
		};
/* End PBXGroup section */

/* Begin PBXNativeTarget section */
		8B51B7DC2A70830100B3B8F8 /* RickAndMorty */ = {
			isa = PBXNativeTarget;
			buildConfigurationList = 8B51B8012A70830300B3B8F8 /* Build configuration list for PBXNativeTarget "RickAndMorty" */;
			buildPhases = (
				8B51B7D92A70830100B3B8F8 /* Sources */,
				8B51B7DA2A70830100B3B8F8 /* Frameworks */,
				8B51B7DB2A70830100B3B8F8 /* Resources */,
				8BFCDA552A7BF043004F19BE /* SwiftLint */,
			);
			buildRules = (
			);
			dependencies = (
			);
			name = RickAndMorty;
			productName = RickAndMorty;
			productReference = 8B51B7DD2A70830100B3B8F8 /* RickAndMorty.app */;
			productType = "com.apple.product-type.application";
		};
		8B51B7EC2A70830300B3B8F8 /* RickAndMortyTests */ = {
			isa = PBXNativeTarget;
			buildConfigurationList = 8B51B8042A70830300B3B8F8 /* Build configuration list for PBXNativeTarget "RickAndMortyTests" */;
			buildPhases = (
				8B51B7E92A70830300B3B8F8 /* Sources */,
				8B51B7EA2A70830300B3B8F8 /* Frameworks */,
				8B51B7EB2A70830300B3B8F8 /* Resources */,
			);
			buildRules = (
			);
			dependencies = (
				8B51B7EF2A70830300B3B8F8 /* PBXTargetDependency */,
			);
			name = RickAndMortyTests;
			productName = RickAndMortyTests;
			productReference = 8B51B7ED2A70830300B3B8F8 /* RickAndMortyTests.xctest */;
			productType = "com.apple.product-type.bundle.unit-test";
		};
		8B51B7F62A70830300B3B8F8 /* RickAndMortyUITests */ = {
			isa = PBXNativeTarget;
			buildConfigurationList = 8B51B8072A70830300B3B8F8 /* Build configuration list for PBXNativeTarget "RickAndMortyUITests" */;
			buildPhases = (
				8B51B7F32A70830300B3B8F8 /* Sources */,
				8B51B7F42A70830300B3B8F8 /* Frameworks */,
				8B51B7F52A70830300B3B8F8 /* Resources */,
			);
			buildRules = (
			);
			dependencies = (
				8B51B7F92A70830300B3B8F8 /* PBXTargetDependency */,
			);
			name = RickAndMortyUITests;
			productName = RickAndMortyUITests;
			productReference = 8B51B7F72A70830300B3B8F8 /* RickAndMortyUITests.xctest */;
			productType = "com.apple.product-type.bundle.ui-testing";
		};
/* End PBXNativeTarget section */

/* Begin PBXProject section */
		8B51B7D52A70830100B3B8F8 /* Project object */ = {
			isa = PBXProject;
			attributes = {
				BuildIndependentTargetsInParallel = 1;
				LastSwiftUpdateCheck = 1430;
				LastUpgradeCheck = 1500;
				TargetAttributes = {
					8B51B7DC2A70830100B3B8F8 = {
						CreatedOnToolsVersion = 14.3.1;
					};
					8B51B7EC2A70830300B3B8F8 = {
						CreatedOnToolsVersion = 14.3.1;
						TestTargetID = 8B51B7DC2A70830100B3B8F8;
					};
					8B51B7F62A70830300B3B8F8 = {
						CreatedOnToolsVersion = 14.3.1;
						TestTargetID = 8B51B7DC2A70830100B3B8F8;
					};
				};
			};
			buildConfigurationList = 8B51B7D82A70830100B3B8F8 /* Build configuration list for PBXProject "RickAndMorty" */;
			compatibilityVersion = "Xcode 14.0";
			developmentRegion = en;
			hasScannedForEncodings = 0;
			knownRegions = (
				en,
				Base,
				es,
			);
			mainGroup = 8B51B7D42A70830100B3B8F8;
			productRefGroup = 8B51B7DE2A70830100B3B8F8 /* Products */;
			projectDirPath = "";
			projectRoot = "";
			targets = (
				8B51B7DC2A70830100B3B8F8 /* RickAndMorty */,
				8B51B7EC2A70830300B3B8F8 /* RickAndMortyTests */,
				8B51B7F62A70830300B3B8F8 /* RickAndMortyUITests */,
			);
		};
/* End PBXProject section */

/* Begin PBXResourcesBuildPhase section */
		8B51B7DB2A70830100B3B8F8 /* Resources */ = {
			isa = PBXResourcesBuildPhase;
			buildActionMask = 2147483647;
			files = (
				8B51B7E82A70830300B3B8F8 /* Preview Assets.xcassets in Resources */,
				8B51B8122A70969900B3B8F8 /* Localizable.strings in Resources */,
				8B51B7E52A70830300B3B8F8 /* Assets.xcassets in Resources */,
			);
			runOnlyForDeploymentPostprocessing = 0;
		};
		8B51B7EB2A70830300B3B8F8 /* Resources */ = {
			isa = PBXResourcesBuildPhase;
			buildActionMask = 2147483647;
			files = (
			);
			runOnlyForDeploymentPostprocessing = 0;
		};
		8B51B7F52A70830300B3B8F8 /* Resources */ = {
			isa = PBXResourcesBuildPhase;
			buildActionMask = 2147483647;
			files = (
			);
			runOnlyForDeploymentPostprocessing = 0;
		};
/* End PBXResourcesBuildPhase section */

/* Begin PBXShellScriptBuildPhase section */
		8BFCDA552A7BF043004F19BE /* SwiftLint */ = {
			isa = PBXShellScriptBuildPhase;
			alwaysOutOfDate = 1;
			buildActionMask = 12;
			files = (
			);
			inputFileListPaths = (
			);
			inputPaths = (
			);
			name = SwiftLint;
			outputFileListPaths = (
			);
			outputPaths = (
			);
			runOnlyForDeploymentPostprocessing = 0;
			shellPath = /bin/sh;
			shellScript = "# Type a script or drag a script file from your workspace to insert its path.\nif [ \"$CONFIGURATION\" == \"Debug\" ]; then\n    if which swiftlint >/dev/null; then\n        # swiftlint\n        swiftlint --fix && swiftlint\n    else\n        echo \"warning: SwiftLint not installed, download from https://github.com/realm/SwiftLint\"\n    fi\nfi\n";
		};
/* End PBXShellScriptBuildPhase section */

/* Begin PBXSourcesBuildPhase section */
		8B51B7D92A70830100B3B8F8 /* Sources */ = {
			isa = PBXSourcesBuildPhase;
			buildActionMask = 2147483647;
			files = (
				8B84499C2AF1544100E5BF2D /* TabBarView.swift in Sources */,
				8BF62A052AF10C280076DDC5 /* CharacterCardViewModel.swift in Sources */,
				8BA826512AEF52580010989B /* NetworkServiceImpl.swift in Sources */,
				8B51B7E32A70830100B3B8F8 /* MainView.swift in Sources */,
				8BF629F62AF0ED060076DDC5 /* Character.swift in Sources */,
				8B51B7E12A70830100B3B8F8 /* RickAndMortyApp.swift in Sources */,
				8BF629F82AF0F1C30076DDC5 /* CharacterViewModel.swift in Sources */,
				8BF62A032AF10BB20076DDC5 /* CharacterCardView.swift in Sources */,
				8BE5B1352AEF4145009B74BF /* CharacterRepository.swift in Sources */,
				8B84499F2AF1568500E5BF2D /* HomeView.swift in Sources */,
				8BA826552AEF5F030010989B /* NetworkError.swift in Sources */,
				8BE5B13B2AEF434C009B74BF /* CharacterRequestModel.swift in Sources */,
				8BA8264F2AEF52360010989B /* NetworkService.swift in Sources */,
				8BE5B12F2AEF117E009B74BF /* APIRequest.swift in Sources */,
				8BF629FB2AF0F5970076DDC5 /* MockCharacterRepository.swift in Sources */,
				8BF62A002AF103E00076DDC5 /* CharacterView.swift in Sources */,
				8BA826592AEF6A2E0010989B /* CharacterResponse.swift in Sources */,
				8BE5B1372AEF415E009B74BF /* CharacterRepositoryImpl.swift in Sources */,
			);
			runOnlyForDeploymentPostprocessing = 0;
		};
		8B51B7E92A70830300B3B8F8 /* Sources */ = {
			isa = PBXSourcesBuildPhase;
			buildActionMask = 2147483647;
			files = (
				8B51B7F22A70830300B3B8F8 /* RickAndMortyTests.swift in Sources */,
			);
			runOnlyForDeploymentPostprocessing = 0;
		};
		8B51B7F32A70830300B3B8F8 /* Sources */ = {
			isa = PBXSourcesBuildPhase;
			buildActionMask = 2147483647;
			files = (
				8B51B7FC2A70830300B3B8F8 /* RickAndMortyUITests.swift in Sources */,
				8B51B7FE2A70830300B3B8F8 /* RickAndMortyUITestsLaunchTests.swift in Sources */,
			);
			runOnlyForDeploymentPostprocessing = 0;
		};
/* End PBXSourcesBuildPhase section */

/* Begin PBXTargetDependency section */
		8B51B7EF2A70830300B3B8F8 /* PBXTargetDependency */ = {
			isa = PBXTargetDependency;
			target = 8B51B7DC2A70830100B3B8F8 /* RickAndMorty */;
			targetProxy = 8B51B7EE2A70830300B3B8F8 /* PBXContainerItemProxy */;
		};
		8B51B7F92A70830300B3B8F8 /* PBXTargetDependency */ = {
			isa = PBXTargetDependency;
			target = 8B51B7DC2A70830100B3B8F8 /* RickAndMorty */;
			targetProxy = 8B51B7F82A70830300B3B8F8 /* PBXContainerItemProxy */;
		};
/* End PBXTargetDependency section */

/* Begin PBXVariantGroup section */
		8B51B8142A70969900B3B8F8 /* Localizable.strings */ = {
			isa = PBXVariantGroup;
			children = (
				8B51B8132A70969900B3B8F8 /* en */,
				8B51B8152A7096B300B3B8F8 /* es */,
			);
			name = Localizable.strings;
			sourceTree = "<group>";
		};
/* End PBXVariantGroup section */

/* Begin XCBuildConfiguration section */
		8B51B7FF2A70830300B3B8F8 /* Debug */ = {
			isa = XCBuildConfiguration;
			buildSettings = {
				ALWAYS_SEARCH_USER_PATHS = NO;
				ASSETCATALOG_COMPILER_GENERATE_SWIFT_ASSET_SYMBOL_EXTENSIONS = YES;
				CLANG_ANALYZER_LOCALIZABILITY_NONLOCALIZED = YES;
				CLANG_ANALYZER_NONNULL = YES;
				CLANG_ANALYZER_NUMBER_OBJECT_CONVERSION = YES_AGGRESSIVE;
				CLANG_CXX_LANGUAGE_STANDARD = "gnu++20";
				CLANG_ENABLE_MODULES = YES;
				CLANG_ENABLE_OBJC_ARC = YES;
				CLANG_ENABLE_OBJC_WEAK = YES;
				CLANG_WARN_BLOCK_CAPTURE_AUTORELEASING = YES;
				CLANG_WARN_BOOL_CONVERSION = YES;
				CLANG_WARN_COMMA = YES;
				CLANG_WARN_CONSTANT_CONVERSION = YES;
				CLANG_WARN_DEPRECATED_OBJC_IMPLEMENTATIONS = YES;
				CLANG_WARN_DIRECT_OBJC_ISA_USAGE = YES_ERROR;
				CLANG_WARN_DOCUMENTATION_COMMENTS = YES;
				CLANG_WARN_EMPTY_BODY = YES;
				CLANG_WARN_ENUM_CONVERSION = YES;
				CLANG_WARN_INFINITE_RECURSION = YES;
				CLANG_WARN_INT_CONVERSION = YES;
				CLANG_WARN_NON_LITERAL_NULL_CONVERSION = YES;
				CLANG_WARN_OBJC_IMPLICIT_RETAIN_SELF = YES;
				CLANG_WARN_OBJC_LITERAL_CONVERSION = YES;
				CLANG_WARN_OBJC_ROOT_CLASS = YES_ERROR;
				CLANG_WARN_QUOTED_INCLUDE_IN_FRAMEWORK_HEADER = YES;
				CLANG_WARN_RANGE_LOOP_ANALYSIS = YES;
				CLANG_WARN_STRICT_PROTOTYPES = YES;
				CLANG_WARN_SUSPICIOUS_MOVE = YES;
				CLANG_WARN_UNGUARDED_AVAILABILITY = YES_AGGRESSIVE;
				CLANG_WARN_UNREACHABLE_CODE = YES;
				CLANG_WARN__DUPLICATE_METHOD_MATCH = YES;
				COPY_PHASE_STRIP = NO;
				DEBUG_INFORMATION_FORMAT = dwarf;
				ENABLE_STRICT_OBJC_MSGSEND = YES;
				ENABLE_TESTABILITY = YES;
				ENABLE_USER_SCRIPT_SANDBOXING = NO;
				GCC_C_LANGUAGE_STANDARD = gnu11;
				GCC_DYNAMIC_NO_PIC = NO;
				GCC_NO_COMMON_BLOCKS = YES;
				GCC_OPTIMIZATION_LEVEL = 0;
				GCC_PREPROCESSOR_DEFINITIONS = (
					"DEBUG=1",
					"$(inherited)",
				);
				GCC_WARN_64_TO_32_BIT_CONVERSION = YES;
				GCC_WARN_ABOUT_RETURN_TYPE = YES_ERROR;
				GCC_WARN_UNDECLARED_SELECTOR = YES;
				GCC_WARN_UNINITIALIZED_AUTOS = YES_AGGRESSIVE;
				GCC_WARN_UNUSED_FUNCTION = YES;
				GCC_WARN_UNUSED_VARIABLE = YES;
				IPHONEOS_DEPLOYMENT_TARGET = 16.4;
				MTL_ENABLE_DEBUG_INFO = INCLUDE_SOURCE;
				MTL_FAST_MATH = YES;
				ONLY_ACTIVE_ARCH = YES;
				SDKROOT = iphoneos;
				SWIFT_ACTIVE_COMPILATION_CONDITIONS = DEBUG;
				SWIFT_OPTIMIZATION_LEVEL = "-Onone";
			};
			name = Debug;
		};
		8B51B8002A70830300B3B8F8 /* Release */ = {
			isa = XCBuildConfiguration;
			buildSettings = {
				ALWAYS_SEARCH_USER_PATHS = NO;
				ASSETCATALOG_COMPILER_GENERATE_SWIFT_ASSET_SYMBOL_EXTENSIONS = YES;
				CLANG_ANALYZER_LOCALIZABILITY_NONLOCALIZED = YES;
				CLANG_ANALYZER_NONNULL = YES;
				CLANG_ANALYZER_NUMBER_OBJECT_CONVERSION = YES_AGGRESSIVE;
				CLANG_CXX_LANGUAGE_STANDARD = "gnu++20";
				CLANG_ENABLE_MODULES = YES;
				CLANG_ENABLE_OBJC_ARC = YES;
				CLANG_ENABLE_OBJC_WEAK = YES;
				CLANG_WARN_BLOCK_CAPTURE_AUTORELEASING = YES;
				CLANG_WARN_BOOL_CONVERSION = YES;
				CLANG_WARN_COMMA = YES;
				CLANG_WARN_CONSTANT_CONVERSION = YES;
				CLANG_WARN_DEPRECATED_OBJC_IMPLEMENTATIONS = YES;
				CLANG_WARN_DIRECT_OBJC_ISA_USAGE = YES_ERROR;
				CLANG_WARN_DOCUMENTATION_COMMENTS = YES;
				CLANG_WARN_EMPTY_BODY = YES;
				CLANG_WARN_ENUM_CONVERSION = YES;
				CLANG_WARN_INFINITE_RECURSION = YES;
				CLANG_WARN_INT_CONVERSION = YES;
				CLANG_WARN_NON_LITERAL_NULL_CONVERSION = YES;
				CLANG_WARN_OBJC_IMPLICIT_RETAIN_SELF = YES;
				CLANG_WARN_OBJC_LITERAL_CONVERSION = YES;
				CLANG_WARN_OBJC_ROOT_CLASS = YES_ERROR;
				CLANG_WARN_QUOTED_INCLUDE_IN_FRAMEWORK_HEADER = YES;
				CLANG_WARN_RANGE_LOOP_ANALYSIS = YES;
				CLANG_WARN_STRICT_PROTOTYPES = YES;
				CLANG_WARN_SUSPICIOUS_MOVE = YES;
				CLANG_WARN_UNGUARDED_AVAILABILITY = YES_AGGRESSIVE;
				CLANG_WARN_UNREACHABLE_CODE = YES;
				CLANG_WARN__DUPLICATE_METHOD_MATCH = YES;
				COPY_PHASE_STRIP = NO;
				DEBUG_INFORMATION_FORMAT = "dwarf-with-dsym";
				ENABLE_NS_ASSERTIONS = NO;
				ENABLE_STRICT_OBJC_MSGSEND = YES;
				ENABLE_USER_SCRIPT_SANDBOXING = NO;
				GCC_C_LANGUAGE_STANDARD = gnu11;
				GCC_NO_COMMON_BLOCKS = YES;
				GCC_WARN_64_TO_32_BIT_CONVERSION = YES;
				GCC_WARN_ABOUT_RETURN_TYPE = YES_ERROR;
				GCC_WARN_UNDECLARED_SELECTOR = YES;
				GCC_WARN_UNINITIALIZED_AUTOS = YES_AGGRESSIVE;
				GCC_WARN_UNUSED_FUNCTION = YES;
				GCC_WARN_UNUSED_VARIABLE = YES;
				IPHONEOS_DEPLOYMENT_TARGET = 16.4;
				MTL_ENABLE_DEBUG_INFO = NO;
				MTL_FAST_MATH = YES;
				SDKROOT = iphoneos;
				SWIFT_COMPILATION_MODE = wholemodule;
				SWIFT_OPTIMIZATION_LEVEL = "-O";
				VALIDATE_PRODUCT = YES;
			};
			name = Release;
		};
		8B51B8022A70830300B3B8F8 /* Debug */ = {
			isa = XCBuildConfiguration;
			buildSettings = {
				ASSETCATALOG_COMPILER_APPICON_NAME = AppIcon;
				ASSETCATALOG_COMPILER_GLOBAL_ACCENT_COLOR_NAME = AccentColor;
				CODE_SIGN_STYLE = Automatic;
				CURRENT_PROJECT_VERSION = 1;
				DEVELOPMENT_ASSET_PATHS = "\"RickAndMorty/Preview Content\"";
				DEVELOPMENT_TEAM = SMGW3LT4H7;
				ENABLE_PREVIEWS = YES;
				GENERATE_INFOPLIST_FILE = YES;
				INFOPLIST_KEY_UIApplicationSceneManifest_Generation = YES;
				INFOPLIST_KEY_UIApplicationSupportsIndirectInputEvents = YES;
				INFOPLIST_KEY_UILaunchScreen_Generation = YES;
				INFOPLIST_KEY_UISupportedInterfaceOrientations_iPad = "UIInterfaceOrientationPortrait UIInterfaceOrientationPortraitUpsideDown UIInterfaceOrientationLandscapeLeft UIInterfaceOrientationLandscapeRight";
				INFOPLIST_KEY_UISupportedInterfaceOrientations_iPhone = "UIInterfaceOrientationPortrait UIInterfaceOrientationLandscapeLeft UIInterfaceOrientationLandscapeRight";
				LD_RUNPATH_SEARCH_PATHS = (
					"$(inherited)",
					"@executable_path/Frameworks",
				);
				MARKETING_VERSION = 1.0;
				PRODUCT_BUNDLE_IDENTIFIER = dev.juankevintrujillo.RickAndMorty;
				PRODUCT_NAME = "$(TARGET_NAME)";
				SWIFT_EMIT_LOC_STRINGS = YES;
				SWIFT_VERSION = 5.0;
				TARGETED_DEVICE_FAMILY = "1,2";
			};
			name = Debug;
		};
		8B51B8032A70830300B3B8F8 /* Release */ = {
			isa = XCBuildConfiguration;
			buildSettings = {
				ASSETCATALOG_COMPILER_APPICON_NAME = AppIcon;
				ASSETCATALOG_COMPILER_GLOBAL_ACCENT_COLOR_NAME = AccentColor;
				CODE_SIGN_STYLE = Automatic;
				CURRENT_PROJECT_VERSION = 1;
				DEVELOPMENT_ASSET_PATHS = "\"RickAndMorty/Preview Content\"";
				DEVELOPMENT_TEAM = SMGW3LT4H7;
				ENABLE_PREVIEWS = YES;
				GENERATE_INFOPLIST_FILE = YES;
				INFOPLIST_KEY_UIApplicationSceneManifest_Generation = YES;
				INFOPLIST_KEY_UIApplicationSupportsIndirectInputEvents = YES;
				INFOPLIST_KEY_UILaunchScreen_Generation = YES;
				INFOPLIST_KEY_UISupportedInterfaceOrientations_iPad = "UIInterfaceOrientationPortrait UIInterfaceOrientationPortraitUpsideDown UIInterfaceOrientationLandscapeLeft UIInterfaceOrientationLandscapeRight";
				INFOPLIST_KEY_UISupportedInterfaceOrientations_iPhone = "UIInterfaceOrientationPortrait UIInterfaceOrientationLandscapeLeft UIInterfaceOrientationLandscapeRight";
				LD_RUNPATH_SEARCH_PATHS = (
					"$(inherited)",
					"@executable_path/Frameworks",
				);
				MARKETING_VERSION = 1.0;
				PRODUCT_BUNDLE_IDENTIFIER = dev.juankevintrujillo.RickAndMorty;
				PRODUCT_NAME = "$(TARGET_NAME)";
				SWIFT_EMIT_LOC_STRINGS = YES;
				SWIFT_VERSION = 5.0;
				TARGETED_DEVICE_FAMILY = "1,2";
			};
			name = Release;
		};
		8B51B8052A70830300B3B8F8 /* Debug */ = {
			isa = XCBuildConfiguration;
			buildSettings = {
				ALWAYS_EMBED_SWIFT_STANDARD_LIBRARIES = YES;
				BUNDLE_LOADER = "$(TEST_HOST)";
				CODE_SIGN_STYLE = Automatic;
				CURRENT_PROJECT_VERSION = 1;
				DEVELOPMENT_TEAM = SMGW3LT4H7;
				GENERATE_INFOPLIST_FILE = YES;
				IPHONEOS_DEPLOYMENT_TARGET = 16.4;
				MARKETING_VERSION = 1.0;
				PRODUCT_BUNDLE_IDENTIFIER = dev.juankevintrujillo.RickAndMortyTests;
				PRODUCT_NAME = "$(TARGET_NAME)";
				SWIFT_EMIT_LOC_STRINGS = NO;
				SWIFT_VERSION = 5.0;
				TARGETED_DEVICE_FAMILY = "1,2";
				TEST_HOST = "$(BUILT_PRODUCTS_DIR)/RickAndMorty.app/$(BUNDLE_EXECUTABLE_FOLDER_PATH)/RickAndMorty";
			};
			name = Debug;
		};
		8B51B8062A70830300B3B8F8 /* Release */ = {
			isa = XCBuildConfiguration;
			buildSettings = {
				ALWAYS_EMBED_SWIFT_STANDARD_LIBRARIES = YES;
				BUNDLE_LOADER = "$(TEST_HOST)";
				CODE_SIGN_STYLE = Automatic;
				CURRENT_PROJECT_VERSION = 1;
				DEVELOPMENT_TEAM = SMGW3LT4H7;
				GENERATE_INFOPLIST_FILE = YES;
				IPHONEOS_DEPLOYMENT_TARGET = 16.4;
				MARKETING_VERSION = 1.0;
				PRODUCT_BUNDLE_IDENTIFIER = dev.juankevintrujillo.RickAndMortyTests;
				PRODUCT_NAME = "$(TARGET_NAME)";
				SWIFT_EMIT_LOC_STRINGS = NO;
				SWIFT_VERSION = 5.0;
				TARGETED_DEVICE_FAMILY = "1,2";
				TEST_HOST = "$(BUILT_PRODUCTS_DIR)/RickAndMorty.app/$(BUNDLE_EXECUTABLE_FOLDER_PATH)/RickAndMorty";
			};
			name = Release;
		};
		8B51B8082A70830300B3B8F8 /* Debug */ = {
			isa = XCBuildConfiguration;
			buildSettings = {
				ALWAYS_EMBED_SWIFT_STANDARD_LIBRARIES = YES;
				CODE_SIGN_STYLE = Automatic;
				CURRENT_PROJECT_VERSION = 1;
				DEVELOPMENT_TEAM = SMGW3LT4H7;
				GENERATE_INFOPLIST_FILE = YES;
				MARKETING_VERSION = 1.0;
				PRODUCT_BUNDLE_IDENTIFIER = dev.juankevintrujillo.RickAndMortyUITests;
				PRODUCT_NAME = "$(TARGET_NAME)";
				SWIFT_EMIT_LOC_STRINGS = NO;
				SWIFT_VERSION = 5.0;
				TARGETED_DEVICE_FAMILY = "1,2";
				TEST_TARGET_NAME = RickAndMorty;
			};
			name = Debug;
		};
		8B51B8092A70830300B3B8F8 /* Release */ = {
			isa = XCBuildConfiguration;
			buildSettings = {
				ALWAYS_EMBED_SWIFT_STANDARD_LIBRARIES = YES;
				CODE_SIGN_STYLE = Automatic;
				CURRENT_PROJECT_VERSION = 1;
				DEVELOPMENT_TEAM = SMGW3LT4H7;
				GENERATE_INFOPLIST_FILE = YES;
				MARKETING_VERSION = 1.0;
				PRODUCT_BUNDLE_IDENTIFIER = dev.juankevintrujillo.RickAndMortyUITests;
				PRODUCT_NAME = "$(TARGET_NAME)";
				SWIFT_EMIT_LOC_STRINGS = NO;
				SWIFT_VERSION = 5.0;
				TARGETED_DEVICE_FAMILY = "1,2";
				TEST_TARGET_NAME = RickAndMorty;
			};
			name = Release;
		};
/* End XCBuildConfiguration section */

/* Begin XCConfigurationList section */
		8B51B7D82A70830100B3B8F8 /* Build configuration list for PBXProject "RickAndMorty" */ = {
			isa = XCConfigurationList;
			buildConfigurations = (
				8B51B7FF2A70830300B3B8F8 /* Debug */,
				8B51B8002A70830300B3B8F8 /* Release */,
			);
			defaultConfigurationIsVisible = 0;
			defaultConfigurationName = Release;
		};
		8B51B8012A70830300B3B8F8 /* Build configuration list for PBXNativeTarget "RickAndMorty" */ = {
			isa = XCConfigurationList;
			buildConfigurations = (
				8B51B8022A70830300B3B8F8 /* Debug */,
				8B51B8032A70830300B3B8F8 /* Release */,
			);
			defaultConfigurationIsVisible = 0;
			defaultConfigurationName = Release;
		};
		8B51B8042A70830300B3B8F8 /* Build configuration list for PBXNativeTarget "RickAndMortyTests" */ = {
			isa = XCConfigurationList;
			buildConfigurations = (
				8B51B8052A70830300B3B8F8 /* Debug */,
				8B51B8062A70830300B3B8F8 /* Release */,
			);
			defaultConfigurationIsVisible = 0;
			defaultConfigurationName = Release;
		};
		8B51B8072A70830300B3B8F8 /* Build configuration list for PBXNativeTarget "RickAndMortyUITests" */ = {
			isa = XCConfigurationList;
			buildConfigurations = (
				8B51B8082A70830300B3B8F8 /* Debug */,
				8B51B8092A70830300B3B8F8 /* Release */,
			);
			defaultConfigurationIsVisible = 0;
			defaultConfigurationName = Release;
		};
/* End XCConfigurationList section */
	};
	rootObject = 8B51B7D52A70830100B3B8F8 /* Project object */;
}
